
Microsoft Visual Studio Solution File, Format Version 12.00
# Visual Studio Version 16
VisualStudioVersion = 16.0.31410.223
MinimumVisualStudioVersion = 10.0.40219.1
Project("{FAE04EC0-301F-11D3-BF4B-00C04F79EFBC}") = "lesson4.luah kefel 2 dims", "lesson4.luah kefel 2 dims\lesson4.luah kefel 2 dims.csproj", "{BB08946E-1C98-4CB0-B4C8-1CB7C7F3168F}"
EndProject
Global
	GlobalSection(SolutionConfigurationPlatforms) = preSolution
		Debug|Any CPU = Debug|Any CPU
		Release|Any CPU = Release|Any CPU
	EndGlobalSection
	GlobalSection(ProjectConfigurationPlatforms) = postSolution
		{BB08946E-1C98-4CB0-B4C8-1CB7C7F3168F}.Debug|Any CPU.ActiveCfg = Debug|Any CPU
		{BB08946E-1C98-4CB0-B4C8-1CB7C7F3168F}.Debug|Any CPU.Build.0 = Debug|Any CPU
		{BB08946E-1C98-4CB0-B4C8-1CB7C7F3168F}.Release|Any CPU.ActiveCfg = Release|Any CPU
		{BB08946E-1C98-4CB0-B4C8-1CB7C7F3168F}.Release|Any CPU.Build.0 = Release|Any CPU
	EndGlobalSection
	GlobalSection(SolutionProperties) = preSolution
		HideSolutionNode = FALSE
	EndGlobalSection
	GlobalSection(ExtensibilityGlobals) = postSolution
		SolutionGuid = {5493495D-20CC-430B-B037-169653D7BBDB}
	EndGlobalSection
EndGlobal
